
Microsoft Visual Studio Solution File, Format Version 12.00
# Visual Studio Version 17
VisualStudioVersion = 17.6.33829.357
MinimumVisualStudioVersion = 10.0.40219.1
Project("{FAE04EC0-301F-11D3-BF4B-00C04F79EFBC}") = "MNAP", "MNAP.csproj", "{F3DA0EBF-0ADC-4825-BFFA-D9D48BF93C64}"
EndProject
Global
	GlobalSection(SolutionConfigurationPlatforms) = preSolution
		Debug|Any CPU = Debug|Any CPU
		Release|Any CPU = Release|Any CPU
	EndGlobalSection
	GlobalSection(ProjectConfigurationPlatforms) = postSolution
		{F3DA0EBF-0ADC-4825-BFFA-D9D48BF93C64}.Debug|Any CPU.ActiveCfg = Debug|Any CPU
		{F3DA0EBF-0ADC-4825-BFFA-D9D48BF93C64}.Debug|Any CPU.Build.0 = Debug|Any CPU
		{F3DA0EBF-0ADC-4825-BFFA-D9D48BF93C64}.Release|Any CPU.ActiveCfg = Release|Any CPU
		{F3DA0EBF-0ADC-4825-BFFA-D9D48BF93C64}.Release|Any CPU.Build.0 = Release|Any CPU
	EndGlobalSection
	GlobalSection(SolutionProperties) = preSolution
		HideSolutionNode = FALSE
	EndGlobalSection
	GlobalSection(ExtensibilityGlobals) = postSolution
		SolutionGuid = {D7A08A89-B8D5-46CC-BF98-18C5034FE91B}
	EndGlobalSection
EndGlobal
